
Microsoft Visual Studio Solution File, Format Version 12.00
# Visual Studio Version 17
VisualStudioVersion = 17.1.32407.343
MinimumVisualStudioVersion = 10.0.40219.1
Project("{FAE04EC0-301F-11D3-BF4B-00C04F79EFBC}") = "Area_Figure", "Area_Figure\Area_Figure.csproj", "{3F5ABC1C-5235-4735-B2E8-2BEB31C07596}"
EndProject
Global
	GlobalSection(SolutionConfigurationPlatforms) = preSolution
		Debug|Any CPU = Debug|Any CPU
		Release|Any CPU = Release|Any CPU
	EndGlobalSection
	GlobalSection(ProjectConfigurationPlatforms) = postSolution
		{3F5ABC1C-5235-4735-B2E8-2BEB31C07596}.Debug|Any CPU.ActiveCfg = Debug|Any CPU
		{3F5ABC1C-5235-4735-B2E8-2BEB31C07596}.Debug|Any CPU.Build.0 = Debug|Any CPU
		{3F5ABC1C-5235-4735-B2E8-2BEB31C07596}.Release|Any CPU.ActiveCfg = Release|Any CPU
		{3F5ABC1C-5235-4735-B2E8-2BEB31C07596}.Release|Any CPU.Build.0 = Release|Any CPU
	EndGlobalSection
	GlobalSection(SolutionProperties) = preSolution
		HideSolutionNode = FALSE
	EndGlobalSection
	GlobalSection(ExtensibilityGlobals) = postSolution
		SolutionGuid = {D6240D68-A02B-4454-9708-2F7FE9517F67}
	EndGlobalSection
EndGlobal
